// !$*UTF8*$!
{
	archiveVersion = 1;
	classes = {
	};
	objectVersion = 50;
	objects = {

/* Begin PBXBuildFile section */
		AB0ADD542427FE6100218705 /* AppDelegate.swift in Sources */ = {isa = PBXBuildFile; fileRef = AB0ADD532427FE6100218705 /* AppDelegate.swift */; };
		AB0ADD562427FE6100218705 /* SceneDelegate.swift in Sources */ = {isa = PBXBuildFile; fileRef = AB0ADD552427FE6100218705 /* SceneDelegate.swift */; };
		AB0ADD582427FE6100218705 /* ExchangeRatesViewController.swift in Sources */ = {isa = PBXBuildFile; fileRef = AB0ADD572427FE6100218705 /* ExchangeRatesViewController.swift */; };
		AB0ADD5B2427FE6100218705 /* Main.storyboard in Resources */ = {isa = PBXBuildFile; fileRef = AB0ADD592427FE6100218705 /* Main.storyboard */; };
		AB0ADD5D2427FE6200218705 /* Assets.xcassets in Resources */ = {isa = PBXBuildFile; fileRef = AB0ADD5C2427FE6200218705 /* Assets.xcassets */; };
		AB0ADD602427FE6200218705 /* LaunchScreen.storyboard in Resources */ = {isa = PBXBuildFile; fileRef = AB0ADD5E2427FE6200218705 /* LaunchScreen.storyboard */; };
		ABA62E2724295BD4004DF860 /* NetworkManager.swift in Sources */ = {isa = PBXBuildFile; fileRef = ABA62E2624295BD4004DF860 /* NetworkManager.swift */; };
		ABA62E2B242BE6E9004DF860 /* CurrencyModel.swift in Sources */ = {isa = PBXBuildFile; fileRef = ABA62E2A242BE6E9004DF860 /* CurrencyModel.swift */; };
/* End PBXBuildFile section */

/* Begin PBXFileReference section */
		AB0ADD502427FE6100218705 /* homework_19.app */ = {isa = PBXFileReference; explicitFileType = wrapper.application; includeInIndex = 0; path = homework_19.app; sourceTree = BUILT_PRODUCTS_DIR; };
		AB0ADD532427FE6100218705 /* AppDelegate.swift */ = {isa = PBXFileReference; lastKnownFileType = sourcecode.swift; path = AppDelegate.swift; sourceTree = "<group>"; };
		AB0ADD552427FE6100218705 /* SceneDelegate.swift */ = {isa = PBXFileReference; lastKnownFileType = sourcecode.swift; path = SceneDelegate.swift; sourceTree = "<group>"; };
		AB0ADD572427FE6100218705 /* ExchangeRatesViewController.swift */ = {isa = PBXFileReference; lastKnownFileType = sourcecode.swift; path = ExchangeRatesViewController.swift; sourceTree = "<group>"; };
		AB0ADD5A2427FE6100218705 /* Base */ = {isa = PBXFileReference; lastKnownFileType = file.storyboard; name = Base; path = Base.lproj/Main.storyboard; sourceTree = "<group>"; };
		AB0ADD5C2427FE6200218705 /* Assets.xcassets */ = {isa = PBXFileReference; lastKnownFileType = folder.assetcatalog; path = Assets.xcassets; sourceTree = "<group>"; };
		AB0ADD5F2427FE6200218705 /* Base */ = {isa = PBXFileReference; lastKnownFileType = file.storyboard; name = Base; path = Base.lproj/LaunchScreen.storyboard; sourceTree = "<group>"; };
		AB0ADD612427FE6200218705 /* Info.plist */ = {isa = PBXFileReference; lastKnownFileType = text.plist.xml; path = Info.plist; sourceTree = "<group>"; };
		ABA62E2624295BD4004DF860 /* NetworkManager.swift */ = {isa = PBXFileReference; lastKnownFileType = sourcecode.swift; path = NetworkManager.swift; sourceTree = "<group>"; };
		ABA62E2A242BE6E9004DF860 /* CurrencyModel.swift */ = {isa = PBXFileReference; lastKnownFileType = sourcecode.swift; path = CurrencyModel.swift; sourceTree = "<group>"; };
/* End PBXFileReference section */

/* Begin PBXFrameworksBuildPhase section */
		AB0ADD4D2427FE6100218705 /* Frameworks */ = {
			isa = PBXFrameworksBuildPhase;
			buildActionMask = 2147483647;
			files = (
			);
			runOnlyForDeploymentPostprocessing = 0;
		};
/* End PBXFrameworksBuildPhase section */

/* Begin PBXGroup section */
		AB0ADD472427FE6100218705 = {
			isa = PBXGroup;
			children = (
				AB0ADD522427FE6100218705 /* homework_19 */,
				AB0ADD512427FE6100218705 /* Products */,
			);
			sourceTree = "<group>";
		};
		AB0ADD512427FE6100218705 /* Products */ = {
			isa = PBXGroup;
			children = (
				AB0ADD502427FE6100218705 /* homework_19.app */,
			);
			name = Products;
			sourceTree = "<group>";
		};
		AB0ADD522427FE6100218705 /* homework_19 */ = {
			isa = PBXGroup;
			children = (
				AB0ADD532427FE6100218705 /* AppDelegate.swift */,
				AB0ADD552427FE6100218705 /* SceneDelegate.swift */,
				AB0ADD572427FE6100218705 /* ExchangeRatesViewController.swift */,
				ABA62E2624295BD4004DF860 /* NetworkManager.swift */,
				ABA62E2A242BE6E9004DF860 /* CurrencyModel.swift */,
				AB0ADD592427FE6100218705 /* Main.storyboard */,
				AB0ADD5C2427FE6200218705 /* Assets.xcassets */,
				AB0ADD5E2427FE6200218705 /* LaunchScreen.storyboard */,
				AB0ADD612427FE6200218705 /* Info.plist */,
			);
			path = homework_19;
			sourceTree = "<group>";
		};
/* End PBXGroup section */

/* Begin PBXNativeTarget section */
		AB0ADD4F2427FE6100218705 /* homework_19 */ = {
			isa = PBXNativeTarget;
			buildConfigurationList = AB0ADD642427FE6200218705 /* Build configuration list for PBXNativeTarget "homework_19" */;
			buildPhases = (
				AB0ADD4C2427FE6100218705 /* Sources */,
				AB0ADD4D2427FE6100218705 /* Frameworks */,
				AB0ADD4E2427FE6100218705 /* Resources */,
			);
			buildRules = (
			);
			dependencies = (
			);
			name = homework_19;
			productName = homework_19;
			productReference = AB0ADD502427FE6100218705 /* homework_19.app */;
			productType = "com.apple.product-type.application";
		};
/* End PBXNativeTarget section */

/* Begin PBXProject section */
		AB0ADD482427FE6100218705 /* Project object */ = {
			isa = PBXProject;
			attributes = {
				LastSwiftUpdateCheck = 1130;
				LastUpgradeCheck = 1130;
				ORGANIZATIONNAME = "Alexandra Lesnichaya";
				TargetAttributes = {
					AB0ADD4F2427FE6100218705 = {
						CreatedOnToolsVersion = 11.3.1;
					};
				};
			};
			buildConfigurationList = AB0ADD4B2427FE6100218705 /* Build configuration list for PBXProject "homework_19" */;
			compatibilityVersion = "Xcode 9.3";
			developmentRegion = en;
			hasScannedForEncodings = 0;
			knownRegions = (
				en,
				Base,
			);
			mainGroup = AB0ADD472427FE6100218705;
			productRefGroup = AB0ADD512427FE6100218705 /* Products */;
			projectDirPath = "";
			projectRoot = "";
			targets = (
				AB0ADD4F2427FE6100218705 /* homework_19 */,
			);
		};
/* End PBXProject section */

/* Begin PBXResourcesBuildPhase section */
		AB0ADD4E2427FE6100218705 /* Resources */ = {
			isa = PBXResourcesBuildPhase;
			buildActionMask = 2147483647;
			files = (
				AB0ADD602427FE6200218705 /* LaunchScreen.storyboard in Resources */,
				AB0ADD5D2427FE6200218705 /* Assets.xcassets in Resources */,
				AB0ADD5B2427FE6100218705 /* Main.storyboard in Resources */,
			);
			runOnlyForDeploymentPostprocessing = 0;
		};
/* End PBXResourcesBuildPhase section */

/* Begin PBXSourcesBuildPhase section */
		AB0ADD4C2427FE6100218705 /* Sources */ = {
			isa = PBXSourcesBuildPhase;
			buildActionMask = 2147483647;
			files = (
				ABA62E2B242BE6E9004DF860 /* CurrencyModel.swift in Sources */,
				ABA62E2724295BD4004DF860 /* NetworkManager.swift in Sources */,
				AB0ADD582427FE6100218705 /* ExchangeRatesViewController.swift in Sources */,
				AB0ADD542427FE6100218705 /* AppDelegate.swift in Sources */,
				AB0ADD562427FE6100218705 /* SceneDelegate.swift in Sources */,
			);
			runOnlyForDeploymentPostprocessing = 0;
		};
/* End PBXSourcesBuildPhase section */

/* Begin PBXVariantGroup section */
		AB0ADD592427FE6100218705 /* Main.storyboard */ = {
			isa = PBXVariantGroup;
			children = (
				AB0ADD5A2427FE6100218705 /* Base */,
			);
			name = Main.storyboard;
			sourceTree = "<group>";
		};
		AB0ADD5E2427FE6200218705 /* LaunchScreen.storyboard */ = {
			isa = PBXVariantGroup;
			children = (
				AB0ADD5F2427FE6200218705 /* Base */,
			);
			name = LaunchScreen.storyboard;
			sourceTree = "<group>";
		};
/* End PBXVariantGroup section */

/* Begin XCBuildConfiguration section */
		AB0ADD622427FE6200218705 /* Debug */ = {
			isa = XCBuildConfiguration;
			buildSettings = {
				ALWAYS_SEARCH_USER_PATHS = NO;
				CLANG_ANALYZER_NONNULL = YES;
				CLANG_ANALYZER_NUMBER_OBJECT_CONVERSION = YES_AGGRESSIVE;
				CLANG_CXX_LANGUAGE_STANDARD = "gnu++14";
				CLANG_CXX_LIBRARY = "libc++";
				CLANG_ENABLE_MODULES = YES;
				CLANG_ENABLE_OBJC_ARC = YES;
				CLANG_ENABLE_OBJC_WEAK = YES;
				CLANG_WARN_BLOCK_CAPTURE_AUTORELEASING = YES;
				CLANG_WARN_BOOL_CONVERSION = YES;
				CLANG_WARN_COMMA = YES;
				CLANG_WARN_CONSTANT_CONVERSION = YES;
				CLANG_WARN_DEPRECATED_OBJC_IMPLEMENTATIONS = YES;
				CLANG_WARN_DIRECT_OBJC_ISA_USAGE = YES_ERROR;
				CLANG_WARN_DOCUMENTATION_COMMENTS = YES;
				CLANG_WARN_EMPTY_BODY = YES;
				CLANG_WARN_ENUM_CONVERSION = YES;
				CLANG_WARN_INFINITE_RECURSION = YES;
				CLANG_WARN_INT_CONVERSION = YES;
				CLANG_WARN_NON_LITERAL_NULL_CONVERSION = YES;
				CLANG_WARN_OBJC_IMPLICIT_RETAIN_SELF = YES;
				CLANG_WARN_OBJC_LITERAL_CONVERSION = YES;
				CLANG_WARN_OBJC_ROOT_CLASS = YES_ERROR;
				CLANG_WARN_RANGE_LOOP_ANALYSIS = YES;
				CLANG_WARN_STRICT_PROTOTYPES = YES;
				CLANG_WARN_SUSPICIOUS_MOVE = YES;
				CLANG_WARN_UNGUARDED_AVAILABILITY = YES_AGGRESSIVE;
				CLANG_WARN_UNREACHABLE_CODE = YES;
				CLANG_WARN__DUPLICATE_METHOD_MATCH = YES;
				COPY_PHASE_STRIP = NO;
				DEBUG_INFORMATION_FORMAT = dwarf;
				ENABLE_STRICT_OBJC_MSGSEND = YES;
				ENABLE_TESTABILITY = YES;
				GCC_C_LANGUAGE_STANDARD = gnu11;
				GCC_DYNAMIC_NO_PIC = NO;
				GCC_NO_COMMON_BLOCKS = YES;
				GCC_OPTIMIZATION_LEVEL = 0;
				GCC_PREPROCESSOR_DEFINITIONS = (
					"DEBUG=1",
					"$(inherited)",
				);
				GCC_WARN_64_TO_32_BIT_CONVERSION = YES;
				GCC_WARN_ABOUT_RETURN_TYPE = YES_ERROR;
				GCC_WARN_UNDECLARED_SELECTOR = YES;
				GCC_WARN_UNINITIALIZED_AUTOS = YES_AGGRESSIVE;
				GCC_WARN_UNUSED_FUNCTION = YES;
				GCC_WARN_UNUSED_VARIABLE = YES;
				IPHONEOS_DEPLOYMENT_TARGET = 13.2;
				MTL_ENABLE_DEBUG_INFO = INCLUDE_SOURCE;
				MTL_FAST_MATH = YES;
				ONLY_ACTIVE_ARCH = YES;
				SDKROOT = iphoneos;
				SWIFT_ACTIVE_COMPILATION_CONDITIONS = DEBUG;
				SWIFT_OPTIMIZATION_LEVEL = "-Onone";
			};
			name = Debug;
		};
		AB0ADD632427FE6200218705 /* Release */ = {
			isa = XCBuildConfiguration;
			buildSettings = {
				ALWAYS_SEARCH_USER_PATHS = NO;
				CLANG_ANALYZER_NONNULL = YES;
				CLANG_ANALYZER_NUMBER_OBJECT_CONVERSION = YES_AGGRESSIVE;
				CLANG_CXX_LANGUAGE_STANDARD = "gnu++14";
				CLANG_CXX_LIBRARY = "libc++";
				CLANG_ENABLE_MODULES = YES;
				CLANG_ENABLE_OBJC_ARC = YES;
				CLANG_ENABLE_OBJC_WEAK = YES;
				CLANG_WARN_BLOCK_CAPTURE_AUTORELEASING = YES;
				CLANG_WARN_BOOL_CONVERSION = YES;
				CLANG_WARN_COMMA = YES;
				CLANG_WARN_CONSTANT_CONVERSION = YES;
				CLANG_WARN_DEPRECATED_OBJC_IMPLEMENTATIONS = YES;
				CLANG_WARN_DIRECT_OBJC_ISA_USAGE = YES_ERROR;
				CLANG_WARN_DOCUMENTATION_COMMENTS = YES;
				CLANG_WARN_EMPTY_BODY = YES;
				CLANG_WARN_ENUM_CONVERSION = YES;
				CLANG_WARN_INFINITE_RECURSION = YES;
				CLANG_WARN_INT_CONVERSION = YES;
				CLANG_WARN_NON_LITERAL_NULL_CONVERSION = YES;
				CLANG_WARN_OBJC_IMPLICIT_RETAIN_SELF = YES;
				CLANG_WARN_OBJC_LITERAL_CONVERSION = YES;
				CLANG_WARN_OBJC_ROOT_CLASS = YES_ERROR;
				CLANG_WARN_RANGE_LOOP_ANALYSIS = YES;
				CLANG_WARN_STRICT_PROTOTYPES = YES;
				CLANG_WARN_SUSPICIOUS_MOVE = YES;
				CLANG_WARN_UNGUARDED_AVAILABILITY = YES_AGGRESSIVE;
				CLANG_WARN_UNREACHABLE_CODE = YES;
				CLANG_WARN__DUPLICATE_METHOD_MATCH = YES;
				COPY_PHASE_STRIP = NO;
				DEBUG_INFORMATION_FORMAT = "dwarf-with-dsym";
				ENABLE_NS_ASSERTIONS = NO;
				ENABLE_STRICT_OBJC_MSGSEND = YES;
				GCC_C_LANGUAGE_STANDARD = gnu11;
				GCC_NO_COMMON_BLOCKS = YES;
				GCC_WARN_64_TO_32_BIT_CONVERSION = YES;
				GCC_WARN_ABOUT_RETURN_TYPE = YES_ERROR;
				GCC_WARN_UNDECLARED_SELECTOR = YES;
				GCC_WARN_UNINITIALIZED_AUTOS = YES_AGGRESSIVE;
				GCC_WARN_UNUSED_FUNCTION = YES;
				GCC_WARN_UNUSED_VARIABLE = YES;
				IPHONEOS_DEPLOYMENT_TARGET = 13.2;
				MTL_ENABLE_DEBUG_INFO = NO;
				MTL_FAST_MATH = YES;
				SDKROOT = iphoneos;
				SWIFT_COMPILATION_MODE = wholemodule;
				SWIFT_OPTIMIZATION_LEVEL = "-O";
				VALIDATE_PRODUCT = YES;
			};
			name = Release;
		};
		AB0ADD652427FE6200218705 /* Debug */ = {
			isa = XCBuildConfiguration;
			buildSettings = {
				ASSETCATALOG_COMPILER_APPICON_NAME = AppIcon;
				CODE_SIGN_STYLE = Automatic;
				INFOPLIST_FILE = homework_19/Info.plist;
				LD_RUNPATH_SEARCH_PATHS = (
					"$(inherited)",
					"@executable_path/Frameworks",
				);
				PRODUCT_BUNDLE_IDENTIFIER = "-------------------.homework-19";
				PRODUCT_NAME = "$(TARGET_NAME)";
				SWIFT_VERSION = 5.0;
				TARGETED_DEVICE_FAMILY = "1,2";
			};
			name = Debug;
		};
		AB0ADD662427FE6200218705 /* Release */ = {
			isa = XCBuildConfiguration;
			buildSettings = {
				ASSETCATALOG_COMPILER_APPICON_NAME = AppIcon;
				CODE_SIGN_STYLE = Automatic;
				INFOPLIST_FILE = homework_19/Info.plist;
				LD_RUNPATH_SEARCH_PATHS = (
					"$(inherited)",
					"@executable_path/Frameworks",
				);
				PRODUCT_BUNDLE_IDENTIFIER = "-------------------.homework-19";
				PRODUCT_NAME = "$(TARGET_NAME)";
				SWIFT_VERSION = 5.0;
				TARGETED_DEVICE_FAMILY = "1,2";
			};
			name = Release;
		};
/* End XCBuildConfiguration section */

/* Begin XCConfigurationList section */
		AB0ADD4B2427FE6100218705 /* Build configuration list for PBXProject "homework_19" */ = {
			isa = XCConfigurationList;
			buildConfigurations = (
				AB0ADD622427FE6200218705 /* Debug */,
				AB0ADD632427FE6200218705 /* Release */,
			);
			defaultConfigurationIsVisible = 0;
			defaultConfigurationName = Release;
		};
		AB0ADD642427FE6200218705 /* Build configuration list for PBXNativeTarget "homework_19" */ = {
			isa = XCConfigurationList;
			buildConfigurations = (
				AB0ADD652427FE6200218705 /* Debug */,
				AB0ADD662427FE6200218705 /* Release */,
			);
			defaultConfigurationIsVisible = 0;
			defaultConfigurationName = Release;
		};
/* End XCConfigurationList section */
	};
	rootObject = AB0ADD482427FE6100218705 /* Project object */;
}
